
Microsoft Visual Studio Solution File, Format Version 12.00
# Visual Studio Version 17
VisualStudioVersion = 17.2.32630.192
MinimumVisualStudioVersion = 10.0.40219.1
Project("{9A19103F-16F7-4668-BE54-9A1E7A4F7556}") = "TelephoneDirectory", "src\TelephoneDirectory\TelephoneDirectory.csproj", "{FA16478E-ECE5-4EEF-BDE1-FD2DEC3E72CD}"
EndProject
Project("{9A19103F-16F7-4668-BE54-9A1E7A4F7556}") = "TelephoneDirectory.DataAccessLayer", "src\TelephoneDirectory.DataAccessLayer\TelephoneDirectory.DataAccessLayer.csproj", "{503FC94A-C590-45B6-B795-109C186A4732}"
EndProject
Project("{9A19103F-16F7-4668-BE54-9A1E7A4F7556}") = "TelephoneDirectory.ReportAPI", "src\TelephoneDirectory.ReportAPI\TelephoneDirectory.ReportAPI.csproj", "{FF3008D7-9AA8-41C0-9F32-214F62E8C479}"
EndProject
Project("{9A19103F-16F7-4668-BE54-9A1E7A4F7556}") = "TelephoneDirectory.ReportConsumer", "src\TelephoneDirectory.ReportConsumer\TelephoneDirectory.ReportConsumer.csproj", "{88B952AB-AD94-4621-ABF4-93FAA01A12DD}"
EndProject
Project("{9A19103F-16F7-4668-BE54-9A1E7A4F7556}") = "TelephoneDirectory.Tests", "src\TelephoneDirectory.Tests\TelephoneDirectory.Tests.csproj", "{0882815B-BC7C-4FFC-A2D5-7929AFA7538D}"
EndProject
Global
	GlobalSection(SolutionConfigurationPlatforms) = preSolution
		Debug|Any CPU = Debug|Any CPU
		Release|Any CPU = Release|Any CPU
	EndGlobalSection
	GlobalSection(ProjectConfigurationPlatforms) = postSolution
		{FA16478E-ECE5-4EEF-BDE1-FD2DEC3E72CD}.Debug|Any CPU.ActiveCfg = Debug|Any CPU
		{FA16478E-ECE5-4EEF-BDE1-FD2DEC3E72CD}.Debug|Any CPU.Build.0 = Debug|Any CPU
		{FA16478E-ECE5-4EEF-BDE1-FD2DEC3E72CD}.Release|Any CPU.ActiveCfg = Release|Any CPU
		{FA16478E-ECE5-4EEF-BDE1-FD2DEC3E72CD}.Release|Any CPU.Build.0 = Release|Any CPU
		{503FC94A-C590-45B6-B795-109C186A4732}.Debug|Any CPU.ActiveCfg = Debug|Any CPU
		{503FC94A-C590-45B6-B795-109C186A4732}.Debug|Any CPU.Build.0 = Debug|Any CPU
		{503FC94A-C590-45B6-B795-109C186A4732}.Release|Any CPU.ActiveCfg = Release|Any CPU
		{503FC94A-C590-45B6-B795-109C186A4732}.Release|Any CPU.Build.0 = Release|Any CPU
		{FF3008D7-9AA8-41C0-9F32-214F62E8C479}.Debug|Any CPU.ActiveCfg = Debug|Any CPU
		{FF3008D7-9AA8-41C0-9F32-214F62E8C479}.Debug|Any CPU.Build.0 = Debug|Any CPU
		{FF3008D7-9AA8-41C0-9F32-214F62E8C479}.Release|Any CPU.ActiveCfg = Release|Any CPU
		{FF3008D7-9AA8-41C0-9F32-214F62E8C479}.Release|Any CPU.Build.0 = Release|Any CPU
		{88B952AB-AD94-4621-ABF4-93FAA01A12DD}.Debug|Any CPU.ActiveCfg = Debug|Any CPU
		{88B952AB-AD94-4621-ABF4-93FAA01A12DD}.Debug|Any CPU.Build.0 = Debug|Any CPU
		{88B952AB-AD94-4621-ABF4-93FAA01A12DD}.Release|Any CPU.ActiveCfg = Release|Any CPU
		{88B952AB-AD94-4621-ABF4-93FAA01A12DD}.Release|Any CPU.Build.0 = Release|Any CPU
		{0882815B-BC7C-4FFC-A2D5-7929AFA7538D}.Debug|Any CPU.ActiveCfg = Debug|Any CPU
		{0882815B-BC7C-4FFC-A2D5-7929AFA7538D}.Debug|Any CPU.Build.0 = Debug|Any CPU
		{0882815B-BC7C-4FFC-A2D5-7929AFA7538D}.Release|Any CPU.ActiveCfg = Release|Any CPU
		{0882815B-BC7C-4FFC-A2D5-7929AFA7538D}.Release|Any CPU.Build.0 = Release|Any CPU
	EndGlobalSection
	GlobalSection(SolutionProperties) = preSolution
		HideSolutionNode = FALSE
	EndGlobalSection
	GlobalSection(ExtensibilityGlobals) = postSolution
		SolutionGuid = {D988038D-A6CA-4FF2-9DD9-AA6AD53756FB}
	EndGlobalSection
EndGlobal
