
Microsoft Visual Studio Solution File, Format Version 12.00
# Visual Studio Version 17
VisualStudioVersion = 17.2.32630.192
MinimumVisualStudioVersion = 10.0.40219.1
Project("{FAE04EC0-301F-11D3-BF4B-00C04F79EFBC}") = "TelephoneDirectory", "TelephoneDirectory\TelephoneDirectory.csproj", "{CFF1718C-593D-48F4-AC9B-5F71B88AB19B}"
EndProject
Global
	GlobalSection(SolutionConfigurationPlatforms) = preSolution
		Debug|Any CPU = Debug|Any CPU
		Release|Any CPU = Release|Any CPU
	EndGlobalSection
	GlobalSection(ProjectConfigurationPlatforms) = postSolution
		{CFF1718C-593D-48F4-AC9B-5F71B88AB19B}.Debug|Any CPU.ActiveCfg = Debug|Any CPU
		{CFF1718C-593D-48F4-AC9B-5F71B88AB19B}.Debug|Any CPU.Build.0 = Debug|Any CPU
		{CFF1718C-593D-48F4-AC9B-5F71B88AB19B}.Release|Any CPU.ActiveCfg = Release|Any CPU
		{CFF1718C-593D-48F4-AC9B-5F71B88AB19B}.Release|Any CPU.Build.0 = Release|Any CPU
	EndGlobalSection
	GlobalSection(SolutionProperties) = preSolution
		HideSolutionNode = FALSE
	EndGlobalSection
	GlobalSection(ExtensibilityGlobals) = postSolution
		SolutionGuid = {D988038D-A6CA-4FF2-9DD9-AA6AD53756FB}
	EndGlobalSection
EndGlobal
